
Microsoft Visual Studio Solution File, Format Version 12.00
# Visual Studio Version 16
VisualStudioVersion = 16.0.30907.101
MinimumVisualStudioVersion = 10.0.40219.1
Project("{FAE04EC0-301F-11D3-BF4B-00C04F79EFBC}") = "GameSaleDemo", "GameSaleDemo\GameSaleDemo.csproj", "{5542544B-477D-47B9-852B-4B550D515C3F}"
EndProject
Global
	GlobalSection(SolutionConfigurationPlatforms) = preSolution
		Debug|Any CPU = Debug|Any CPU
		Release|Any CPU = Release|Any CPU
	EndGlobalSection
	GlobalSection(ProjectConfigurationPlatforms) = postSolution
		{5542544B-477D-47B9-852B-4B550D515C3F}.Debug|Any CPU.ActiveCfg = Debug|Any CPU
		{5542544B-477D-47B9-852B-4B550D515C3F}.Debug|Any CPU.Build.0 = Debug|Any CPU
		{5542544B-477D-47B9-852B-4B550D515C3F}.Release|Any CPU.ActiveCfg = Release|Any CPU
		{5542544B-477D-47B9-852B-4B550D515C3F}.Release|Any CPU.Build.0 = Release|Any CPU
	EndGlobalSection
	GlobalSection(SolutionProperties) = preSolution
		HideSolutionNode = FALSE
	EndGlobalSection
	GlobalSection(ExtensibilityGlobals) = postSolution
		SolutionGuid = {0273174A-6734-4BB7-B45B-127D5A8507C7}
	EndGlobalSection
EndGlobal
